
Microsoft Visual Studio Solution File, Format Version 12.00
# Visual Studio Version 17
VisualStudioVersion = 17.9.34616.47
MinimumVisualStudioVersion = 10.0.40219.1
Project("{FAE04EC0-301F-11D3-BF4B-00C04F79EFBC}") = "c# course", "c# course.csproj", "{DD5DE1FA-39D1-458C-A955-319F18258C38}"
EndProject
Global
	GlobalSection(SolutionConfigurationPlatforms) = preSolution
		Debug|Any CPU = Debug|Any CPU
		Release|Any CPU = Release|Any CPU
	EndGlobalSection
	GlobalSection(ProjectConfigurationPlatforms) = postSolution
		{DD5DE1FA-39D1-458C-A955-319F18258C38}.Debug|Any CPU.ActiveCfg = Debug|Any CPU
		{DD5DE1FA-39D1-458C-A955-319F18258C38}.Debug|Any CPU.Build.0 = Debug|Any CPU
		{DD5DE1FA-39D1-458C-A955-319F18258C38}.Release|Any CPU.ActiveCfg = Release|Any CPU
		{DD5DE1FA-39D1-458C-A955-319F18258C38}.Release|Any CPU.Build.0 = Release|Any CPU
	EndGlobalSection
	GlobalSection(SolutionProperties) = preSolution
		HideSolutionNode = FALSE
	EndGlobalSection
	GlobalSection(ExtensibilityGlobals) = postSolution
		SolutionGuid = {54AFA3F0-7B89-4A90-AF5B-A9E07227EE29}
	EndGlobalSection
EndGlobal
